
Microsoft Visual Studio Solution File, Format Version 12.00
# Visual Studio Version 17
VisualStudioVersion = 17.11.35222.181
MinimumVisualStudioVersion = 10.0.40219.1
Project("{FAE04EC0-301F-11D3-BF4B-00C04F79EFBC}") = "test-maui-app", "test-maui-app.csproj", "{8BF6E33A-41EE-4EF7-9474-52D4727D8D9F}"
EndProject
Global
	GlobalSection(SolutionConfigurationPlatforms) = preSolution
		Debug|Any CPU = Debug|Any CPU
		Release|Any CPU = Release|Any CPU
	EndGlobalSection
	GlobalSection(ProjectConfigurationPlatforms) = postSolution
		{8BF6E33A-41EE-4EF7-9474-52D4727D8D9F}.Debug|Any CPU.ActiveCfg = Debug|Any CPU
		{8BF6E33A-41EE-4EF7-9474-52D4727D8D9F}.Debug|Any CPU.Build.0 = Debug|Any CPU
		{8BF6E33A-41EE-4EF7-9474-52D4727D8D9F}.Debug|Any CPU.Deploy.0 = Debug|Any CPU
		{8BF6E33A-41EE-4EF7-9474-52D4727D8D9F}.Release|Any CPU.ActiveCfg = Release|Any CPU
		{8BF6E33A-41EE-4EF7-9474-52D4727D8D9F}.Release|Any CPU.Build.0 = Release|Any CPU
		{8BF6E33A-41EE-4EF7-9474-52D4727D8D9F}.Release|Any CPU.Deploy.0 = Release|Any CPU
	EndGlobalSection
	GlobalSection(SolutionProperties) = preSolution
		HideSolutionNode = FALSE
	EndGlobalSection
	GlobalSection(ExtensibilityGlobals) = postSolution
		SolutionGuid = {19E92060-A426-4E24-B2D8-01433CC337B5}
	EndGlobalSection
EndGlobal
